# THIS IS AN AUTOGENERATED FILE. DO NOT EDIT THIS FILE DIRECTLY.
# yarn lockfile v1


"@data-structure/deque@^9.0.1":
  version "9.0.1"
  resolved "https://registry.yarnpkg.com/@data-structure/deque/-/deque-9.0.1.tgz#756f8a80d5bc3fe2be18a5739d051493397a6367"
  integrity sha512-/LSOEPmWGZ10OiKfje06GNDM/fzbY1ZfXyvZKr+/a79ZTlGoTwsQW1uPvtmQDtBzs2h2VbPjHho4zNSP5YH0Zg==
  dependencies:
    "@failure-abstraction/error" "^6.0.1"

"@failure-abstraction/error@^6.0.1":
  version "6.0.1"
  resolved "https://registry.yarnpkg.com/@failure-abstraction/error/-/error-6.0.1.tgz#ab6929395c7ed3ec74d86db2976e74e31f9569e2"
  integrity sha512-KvIHhvwfrgbUduQbk55WRDGL2XcXjDLwleId+pSnK7mUUIY7zMGMy3N+ouDcOFymme48tKDlarKsYj5mEEd3fg==

"@graph-algorithm/minimum-cut@^2.0.0":
  version "2.0.0"
  resolved "https://registry.yarnpkg.com/@graph-algorithm/minimum-cut/-/minimum-cut-2.0.0.tgz#c20bdd1aafd77ed7c65a6126486b26ca00abad59"
  integrity sha512-FKCejPcMHfr2lM/lTIqT2Yuel97kL2rv4D9UjwHNyL9uB4vqU/cvBEBjCV0tOwKfhCkg5GuBDQqxfjELkOmY0A==
  dependencies:
    "@heap-data-structure/pairing-heap" "^4.0.0"
    "@iterable-iterator/list" "^1.0.1"
    "@iterable-iterator/map" "^1.0.1"
    "@iterable-iterator/reduce" "^1.0.1"
    "@iterable-iterator/slice" "^1.0.1"
    "@total-order/key" "^1.0.0"
    "@total-order/primitive" "^1.0.1"

"@heap-data-structure/pairing-heap@^4.0.0":
  version "4.0.0"
  resolved "https://registry.yarnpkg.com/@heap-data-structure/pairing-heap/-/pairing-heap-4.0.0.tgz#e1f436e7a7ff5834b4b344e84c69181747b72234"
  integrity sha512-4wmedekJpr+gkktJ7VnmXTBvJWxvHmWtJT7uvS3cl7vzI4iDGaVVMPqdoWWIPZfaDkgd0kprb6XKBGaO7oFe5A==

"@iterable-iterator/consume@^1.0.1":
  version "1.0.1"
  resolved "https://registry.yarnpkg.com/@iterable-iterator/consume/-/consume-1.0.1.tgz#abbe00af0d48542eb8e240f698e85fd4ba9b28b0"
  integrity sha512-KVJufzV8/gOnYqrtO4CFdGZopJ5kkUBhzHcbU0iToOv5aTl0igxnsRzCaDSxUgO4q0mDbf9WEfjz4K39cl1iNA==

"@iterable-iterator/iter@^1.0.1":
  version "1.0.1"
  resolved "https://registry.yarnpkg.com/@iterable-iterator/iter/-/iter-1.0.1.tgz#11149acef0d28b689e0b998dc478113eda81871d"
  integrity sha512-/C/Ciq69we9C0wvqx0rOdnpXAoSW+UnyIV/ZQrUYDzmtguvUQ4HjiIPcU2Csdh705VS6TMkUhoaBHIGh44V3OA==

"@iterable-iterator/list@^1.0.1":
  version "1.0.1"
  resolved "https://registry.yarnpkg.com/@iterable-iterator/list/-/list-1.0.1.tgz#e84fd841d7d58c2ad6d0c026f0612c8228dc97f5"
  integrity sha512-234a2cf0a0YhD1Ofb3F0xSjXDkqDK1xCiLnXoMUt/DWAt/odAvJToaxEFMemiKlAUvqF6E8MSi2v2UvlIOpBUA==

"@iterable-iterator/map@^1.0.1":
  version "1.0.1"
  resolved "https://registry.yarnpkg.com/@iterable-iterator/map/-/map-1.0.1.tgz#7e4d82cb86877bf487e075347fde990ed21844da"
  integrity sha512-lUvX8/OCYRdof3eZii8ntJUvqW1MlL2ESkIcQj3cagajKVfBIBj058wE4ScrzQl6U2udMva/n2NwP70smdfZ+g==

"@iterable-iterator/reduce@^1.0.1":
  version "1.0.1"
  resolved "https://registry.yarnpkg.com/@iterable-iterator/reduce/-/reduce-1.0.1.tgz#04bd02da8166a184dcf320576e482f4261df538d"
  integrity sha512-/wwXupEhGb0cwVr4MDbuweD5tZ+wtd8fr8HkWwNre1lZn76Utu0um7nnhFpm9Mk3hifZzrH5dcKLhKB3VEuL/g==
  dependencies:
    "@iterable-iterator/iter" "^1.0.1"

"@iterable-iterator/slice@^1.0.1":
  version "1.0.2"
  resolved "https://registry.yarnpkg.com/@iterable-iterator/slice/-/slice-1.0.2.tgz#c793dd32c0942281f5f85114c61de2a4b05c6396"
  integrity sha512-r6Z/RPZz4q8GAmqSDlHjTlHpFMDYmBlNQYZ4Rqp7xjn1ihsFVw+7WYH5ivPk11UbE/Inz1ZuBc01/vqT1F9U/g==
  dependencies:
    "@data-structure/deque" "^9.0.1"
    "@iterable-iterator/consume" "^1.0.1"
    "@iterable-iterator/iter" "^1.0.1"

"@total-order/key@^1.0.0":
  version "1.0.0"
  resolved "https://registry.yarnpkg.com/@total-order/key/-/key-1.0.0.tgz#3d59fcf9bae9bb79231f83c7671f38802395ccde"
  integrity sha512-IPrGrxeqP6Oe7b1hrjUzDIWqMiLZV1qmlugbburk4neQKNPyjvQD1WKl0cCNepA20bwS/HrCyCCbRHPAsFm2rA==

"@total-order/primitive@^1.0.1":
  version "1.0.1"
  resolved "https://registry.yarnpkg.com/@total-order/primitive/-/primitive-1.0.1.tgz#7e409d303a2a3b24ed2af30bd9068027d6a4a326"
  integrity sha512-BXCXyXoQIpdwFkplPRTuxFB0I1GHHia4t22bLAEqjdk48DFwQMwSbHq1EdLA81X/eFC/b6RdVxG4Q+WEcfs0aA==
